# THIS IS AN AUTOGENERATED FILE. DO NOT EDIT THIS FILE DIRECTLY.
# yarn lockfile v1


"@react-icons/all-files@^4.1.0":
  version "4.1.0"
  resolved "https://registry.yarnpkg.com/@react-icons/all-files/-/all-files-4.1.0.tgz#477284873a0821928224b6fc84c62d2534d6650b"
  integrity sha512-hxBI2UOuVaI3O/BhQfhtb4kcGn9ft12RWAFVMUeNjqqhLsHvFtzIkFaptBJpFDANTKoDfdVoHTKZDlwKCACbMQ==
